
Microsoft Visual Studio Solution File, Format Version 12.00
# Visual Studio 15
VisualStudioVersion = 15.0.28307.136
MinimumVisualStudioVersion = 10.0.40219.1
Project("{FAE04EC0-301F-11D3-BF4B-00C04F79EFBC}") = "Sample.Is4Ldap.Web", "Sample.Is4Ldap.Web\Sample.Is4Ldap.Web.csproj", "{B10A6B24-64A2-41AC-A73E-B154183D58E5}"
EndProject
Project("{2150E333-8FDC-42A3-9474-1A3956D46DE8}") = "Tests", "Tests", "{1E356710-38C2-44E4-BC59-E119DDA70639}"
EndProject
Project("{9A19103F-16F7-4668-BE54-9A1E7A4F7556}") = "Sample.Is4Ldap.Web.Tests", "Sample.Is4Ldap.Web.Tests\Sample.Is4Ldap.Web.Tests.csproj", "{73B50594-E427-4D78-B4CE-98D9C9D89F67}"
EndProject
Global
	GlobalSection(SolutionConfigurationPlatforms) = preSolution
		Debug|Any CPU = Debug|Any CPU
		Release|Any CPU = Release|Any CPU
	EndGlobalSection
	GlobalSection(ProjectConfigurationPlatforms) = postSolution
		{B10A6B24-64A2-41AC-A73E-B154183D58E5}.Debug|Any CPU.ActiveCfg = Debug|Any CPU
		{B10A6B24-64A2-41AC-A73E-B154183D58E5}.Debug|Any CPU.Build.0 = Debug|Any CPU
		{B10A6B24-64A2-41AC-A73E-B154183D58E5}.Release|Any CPU.ActiveCfg = Release|Any CPU
		{B10A6B24-64A2-41AC-A73E-B154183D58E5}.Release|Any CPU.Build.0 = Release|Any CPU
		{73B50594-E427-4D78-B4CE-98D9C9D89F67}.Debug|Any CPU.ActiveCfg = Debug|Any CPU
		{73B50594-E427-4D78-B4CE-98D9C9D89F67}.Debug|Any CPU.Build.0 = Debug|Any CPU
		{73B50594-E427-4D78-B4CE-98D9C9D89F67}.Release|Any CPU.ActiveCfg = Release|Any CPU
		{73B50594-E427-4D78-B4CE-98D9C9D89F67}.Release|Any CPU.Build.0 = Release|Any CPU
	EndGlobalSection
	GlobalSection(SolutionProperties) = preSolution
		HideSolutionNode = FALSE
	EndGlobalSection
	GlobalSection(NestedProjects) = preSolution
		{73B50594-E427-4D78-B4CE-98D9C9D89F67} = {1E356710-38C2-44E4-BC59-E119DDA70639}
	EndGlobalSection
	GlobalSection(ExtensibilityGlobals) = postSolution
		SolutionGuid = {19055974-038F-4C26-9EAB-143C0C24F567}
	EndGlobalSection
EndGlobal
